
Microsoft Visual Studio Solution File, Format Version 12.00
# Visual Studio Version 17
VisualStudioVersion = 17.14.36623.8
MinimumVisualStudioVersion = 10.0.40219.1
Project("{FAE04EC0-301F-11D3-BF4B-00C04F79EFBC}") = "WPFProyecto-PAI", "WPFProyecto-PAI\WPFProyecto-PAI.csproj", "{06A506DC-75AA-4EA6-960A-B6536DCDEA8B}"
EndProject
Project("{FAE04EC0-301F-11D3-BF4B-00C04F79EFBC}") = "BD", "BD\BD.csproj", "{4E2BED0B-6FB8-4E03-9697-2D5076C5B21F}"
EndProject
Global
	GlobalSection(SolutionConfigurationPlatforms) = preSolution
		Debug|Any CPU = Debug|Any CPU
		Release|Any CPU = Release|Any CPU
	EndGlobalSection
	GlobalSection(ProjectConfigurationPlatforms) = postSolution
		{06A506DC-75AA-4EA6-960A-B6536DCDEA8B}.Debug|Any CPU.ActiveCfg = Debug|Any CPU
		{06A506DC-75AA-4EA6-960A-B6536DCDEA8B}.Debug|Any CPU.Build.0 = Debug|Any CPU
		{06A506DC-75AA-4EA6-960A-B6536DCDEA8B}.Release|Any CPU.ActiveCfg = Release|Any CPU
		{06A506DC-75AA-4EA6-960A-B6536DCDEA8B}.Release|Any CPU.Build.0 = Release|Any CPU
		{4E2BED0B-6FB8-4E03-9697-2D5076C5B21F}.Debug|Any CPU.ActiveCfg = Debug|Any CPU
		{4E2BED0B-6FB8-4E03-9697-2D5076C5B21F}.Debug|Any CPU.Build.0 = Debug|Any CPU
		{4E2BED0B-6FB8-4E03-9697-2D5076C5B21F}.Release|Any CPU.ActiveCfg = Release|Any CPU
		{4E2BED0B-6FB8-4E03-9697-2D5076C5B21F}.Release|Any CPU.Build.0 = Release|Any CPU
	EndGlobalSection
	GlobalSection(SolutionProperties) = preSolution
		HideSolutionNode = FALSE
	EndGlobalSection
	GlobalSection(ExtensibilityGlobals) = postSolution
		SolutionGuid = {F275BFD1-A53B-4C94-8223-4194D7E3C484}
	EndGlobalSection
EndGlobal
